
Microsoft Visual Studio Solution File, Format Version 12.00
# Visual Studio Version 16
VisualStudioVersion = 25.0.1704.0
MinimumVisualStudioVersion = 10.0.40219.1
Project("{FAE04EC0-301F-11D3-BF4B-00C04F79EFBC}") = "snake", "snake.csproj", "{8A7BBAFD-EC34-4B09-9939-28608B966389}"
EndProject
Global
	GlobalSection(SolutionConfigurationPlatforms) = preSolution
		Debug|Any CPU = Debug|Any CPU
		Release|Any CPU = Release|Any CPU
	EndGlobalSection
	GlobalSection(ProjectConfigurationPlatforms) = postSolution
		{8A7BBAFD-EC34-4B09-9939-28608B966389}.Debug|Any CPU.ActiveCfg = Debug|Any CPU
		{8A7BBAFD-EC34-4B09-9939-28608B966389}.Debug|Any CPU.Build.0 = Debug|Any CPU
		{8A7BBAFD-EC34-4B09-9939-28608B966389}.Release|Any CPU.ActiveCfg = Release|Any CPU
		{8A7BBAFD-EC34-4B09-9939-28608B966389}.Release|Any CPU.Build.0 = Release|Any CPU
	EndGlobalSection
	GlobalSection(SolutionProperties) = preSolution
		HideSolutionNode = FALSE
	EndGlobalSection
	GlobalSection(ExtensibilityGlobals) = postSolution
		SolutionGuid = {2D0441C7-9828-46E8-9F4C-AC3CCA8A5004}
	EndGlobalSection
EndGlobal
